// !$*UTF8*$!
{
	archiveVersion = 1;
	classes = {
	};
	objectVersion = 46;
	objects = {

/* Begin PBXBuildFile section */
		18496A241BF1EF4700AA69DC /* main.m in Sources */ = {isa = PBXBuildFile; fileRef = 18496A231BF1EF4700AA69DC /* main.m */; };
		18496A271BF1EF4700AA69DC /* AppDelegate.m in Sources */ = {isa = PBXBuildFile; fileRef = 18496A261BF1EF4700AA69DC /* AppDelegate.m */; };
		18496A2A1BF1EF4700AA69DC /* ViewController.m in Sources */ = {isa = PBXBuildFile; fileRef = 18496A291BF1EF4700AA69DC /* ViewController.m */; };
		18496A2D1BF1EF4800AA69DC /* Main.storyboard in Resources */ = {isa = PBXBuildFile; fileRef = 18496A2B1BF1EF4800AA69DC /* Main.storyboard */; };
		18496A2F1BF1EF4800AA69DC /* Assets.xcassets in Resources */ = {isa = PBXBuildFile; fileRef = 18496A2E1BF1EF4800AA69DC /* Assets.xcassets */; };
		18496A321BF1EF4800AA69DC /* LaunchScreen.storyboard in Resources */ = {isa = PBXBuildFile; fileRef = 18496A301BF1EF4800AA69DC /* LaunchScreen.storyboard */; };
		18496A3D1BF1EF4800AA69DC /* quibaiTests.m in Sources */ = {isa = PBXBuildFile; fileRef = 18496A3C1BF1EF4800AA69DC /* quibaiTests.m */; };
		18496A481BF1EF4800AA69DC /* quibaiUITests.m in Sources */ = {isa = PBXBuildFile; fileRef = 18496A471BF1EF4800AA69DC /* quibaiUITests.m */; };
		18496A571BF2031900AA69DC /* joke.m in Sources */ = {isa = PBXBuildFile; fileRef = 18496A561BF2031900AA69DC /* joke.m */; settings = {ASSET_TAGS = (); }; };
		18496A5F1BF2044000AA69DC /* TFHpple.m in Sources */ = {isa = PBXBuildFile; fileRef = 18496A5A1BF2044000AA69DC /* TFHpple.m */; settings = {ASSET_TAGS = (); }; };
		18496A601BF2044000AA69DC /* TFHppleElement.m in Sources */ = {isa = PBXBuildFile; fileRef = 18496A5C1BF2044000AA69DC /* TFHppleElement.m */; settings = {ASSET_TAGS = (); }; };
		18496A611BF2044000AA69DC /* XPathQuery.m in Sources */ = {isa = PBXBuildFile; fileRef = 18496A5E1BF2044000AA69DC /* XPathQuery.m */; settings = {ASSET_TAGS = (); }; };
		18496A631BF204E500AA69DC /* libxml2.tbd in Frameworks */ = {isa = PBXBuildFile; fileRef = 18496A621BF204E500AA69DC /* libxml2.tbd */; };
		18496A671BF2203B00AA69DC /* 1.jpg in Resources */ = {isa = PBXBuildFile; fileRef = 18496A661BF2203B00AA69DC /* 1.jpg */; settings = {ASSET_TAGS = (); }; };
/* End PBXBuildFile section */

/* Begin PBXContainerItemProxy section */
		18496A391BF1EF4800AA69DC /* PBXContainerItemProxy */ = {
			isa = PBXContainerItemProxy;
			containerPortal = 18496A171BF1EF4700AA69DC /* Project object */;
			proxyType = 1;
			remoteGlobalIDString = 18496A1E1BF1EF4700AA69DC;
			remoteInfo = quibai;
		};
		18496A441BF1EF4800AA69DC /* PBXContainerItemProxy */ = {
			isa = PBXContainerItemProxy;
			containerPortal = 18496A171BF1EF4700AA69DC /* Project object */;
			proxyType = 1;
			remoteGlobalIDString = 18496A1E1BF1EF4700AA69DC;
			remoteInfo = quibai;
		};
/* End PBXContainerItemProxy section */

/* Begin PBXFileReference section */
		18496A1F1BF1EF4700AA69DC /* quibai.app */ = {isa = PBXFileReference; explicitFileType = wrapper.application; includeInIndex = 0; path = quibai.app; sourceTree = BUILT_PRODUCTS_DIR; };
		18496A231BF1EF4700AA69DC /* main.m */ = {isa = PBXFileReference; lastKnownFileType = sourcecode.c.objc; path = main.m; sourceTree = "<group>"; };
		18496A251BF1EF4700AA69DC /* AppDelegate.h */ = {isa = PBXFileReference; lastKnownFileType = sourcecode.c.h; path = AppDelegate.h; sourceTree = "<group>"; };
		18496A261BF1EF4700AA69DC /* AppDelegate.m */ = {isa = PBXFileReference; lastKnownFileType = sourcecode.c.objc; path = AppDelegate.m; sourceTree = "<group>"; };
		18496A281BF1EF4700AA69DC /* ViewController.h */ = {isa = PBXFileReference; lastKnownFileType = sourcecode.c.h; path = ViewController.h; sourceTree = "<group>"; };
		18496A291BF1EF4700AA69DC /* ViewController.m */ = {isa = PBXFileReference; lastKnownFileType = sourcecode.c.objc; path = ViewController.m; sourceTree = "<group>"; };
		18496A2C1BF1EF4800AA69DC /* Base */ = {isa = PBXFileReference; lastKnownFileType = file.storyboard; name = Base; path = Base.lproj/Main.storyboard; sourceTree = "<group>"; };
		18496A2E1BF1EF4800AA69DC /* Assets.xcassets */ = {isa = PBXFileReference; lastKnownFileType = folder.assetcatalog; path = Assets.xcassets; sourceTree = "<group>"; };
		18496A311BF1EF4800AA69DC /* Base */ = {isa = PBXFileReference; lastKnownFileType = file.storyboard; name = Base; path = Base.lproj/LaunchScreen.storyboard; sourceTree = "<group>"; };
		18496A331BF1EF4800AA69DC /* Info.plist */ = {isa = PBXFileReference; lastKnownFileType = text.plist.xml; path = Info.plist; sourceTree = "<group>"; };
		18496A381BF1EF4800AA69DC /* quibaiTests.xctest */ = {isa = PBXFileReference; explicitFileType = wrapper.cfbundle; includeInIndex = 0; path = quibaiTests.xctest; sourceTree = BUILT_PRODUCTS_DIR; };
		18496A3C1BF1EF4800AA69DC /* quibaiTests.m */ = {isa = PBXFileReference; lastKnownFileType = sourcecode.c.objc; path = quibaiTests.m; sourceTree = "<group>"; };
		18496A3E1BF1EF4800AA69DC /* Info.plist */ = {isa = PBXFileReference; lastKnownFileType = text.plist.xml; path = Info.plist; sourceTree = "<group>"; };
		18496A431BF1EF4800AA69DC /* quibaiUITests.xctest */ = {isa = PBXFileReference; explicitFileType = wrapper.cfbundle; includeInIndex = 0; path = quibaiUITests.xctest; sourceTree = BUILT_PRODUCTS_DIR; };
		18496A471BF1EF4800AA69DC /* quibaiUITests.m */ = {isa = PBXFileReference; lastKnownFileType = sourcecode.c.objc; path = quibaiUITests.m; sourceTree = "<group>"; };
		18496A491BF1EF4800AA69DC /* Info.plist */ = {isa = PBXFileReference; lastKnownFileType = text.plist.xml; path = Info.plist; sourceTree = "<group>"; };
		18496A551BF2031900AA69DC /* joke.h */ = {isa = PBXFileReference; fileEncoding = 4; lastKnownFileType = sourcecode.c.h; path = joke.h; sourceTree = "<group>"; };
		18496A561BF2031900AA69DC /* joke.m */ = {isa = PBXFileReference; fileEncoding = 4; lastKnownFileType = sourcecode.c.objc; path = joke.m; sourceTree = "<group>"; };
		18496A591BF2044000AA69DC /* TFHpple.h */ = {isa = PBXFileReference; fileEncoding = 4; lastKnownFileType = sourcecode.c.h; path = TFHpple.h; sourceTree = "<group>"; };
		18496A5A1BF2044000AA69DC /* TFHpple.m */ = {isa = PBXFileReference; fileEncoding = 4; lastKnownFileType = sourcecode.c.objc; path = TFHpple.m; sourceTree = "<group>"; };
		18496A5B1BF2044000AA69DC /* TFHppleElement.h */ = {isa = PBXFileReference; fileEncoding = 4; lastKnownFileType = sourcecode.c.h; path = TFHppleElement.h; sourceTree = "<group>"; };
		18496A5C1BF2044000AA69DC /* TFHppleElement.m */ = {isa = PBXFileReference; fileEncoding = 4; lastKnownFileType = sourcecode.c.objc; path = TFHppleElement.m; sourceTree = "<group>"; };
		18496A5D1BF2044000AA69DC /* XPathQuery.h */ = {isa = PBXFileReference; fileEncoding = 4; lastKnownFileType = sourcecode.c.h; path = XPathQuery.h; sourceTree = "<group>"; };
		18496A5E1BF2044000AA69DC /* XPathQuery.m */ = {isa = PBXFileReference; fileEncoding = 4; lastKnownFileType = sourcecode.c.objc; path = XPathQuery.m; sourceTree = "<group>"; };
		18496A621BF204E500AA69DC /* libxml2.tbd */ = {isa = PBXFileReference; lastKnownFileType = "sourcecode.text-based-dylib-definition"; name = libxml2.tbd; path = usr/lib/libxml2.tbd; sourceTree = SDKROOT; };
		18496A661BF2203B00AA69DC /* 1.jpg */ = {isa = PBXFileReference; lastKnownFileType = image.jpeg; path = 1.jpg; sourceTree = "<group>"; };
/* End PBXFileReference section */

/* Begin PBXFrameworksBuildPhase section */
		18496A1C1BF1EF4700AA69DC /* Frameworks */ = {
			isa = PBXFrameworksBuildPhase;
			buildActionMask = 2147483647;
			files = (
				18496A631BF204E500AA69DC /* libxml2.tbd in Frameworks */,
			);
			runOnlyForDeploymentPostprocessing = 0;
		};
		18496A351BF1EF4800AA69DC /* Frameworks */ = {
			isa = PBXFrameworksBuildPhase;
			buildActionMask = 2147483647;
			files = (
			);
			runOnlyForDeploymentPostprocessing = 0;
		};
		18496A401BF1EF4800AA69DC /* Frameworks */ = {
			isa = PBXFrameworksBuildPhase;
			buildActionMask = 2147483647;
			files = (
			);
			runOnlyForDeploymentPostprocessing = 0;
		};
/* End PBXFrameworksBuildPhase section */

/* Begin PBXGroup section */
		18496A161BF1EF4700AA69DC = {
			isa = PBXGroup;
			children = (
				18496A621BF204E500AA69DC /* libxml2.tbd */,
				18496A211BF1EF4700AA69DC /* quibai */,
				18496A3B1BF1EF4800AA69DC /* quibaiTests */,
				18496A461BF1EF4800AA69DC /* quibaiUITests */,
				18496A201BF1EF4700AA69DC /* Products */,
				18496A661BF2203B00AA69DC /* 1.jpg */,
			);
			sourceTree = "<group>";
		};
		18496A201BF1EF4700AA69DC /* Products */ = {
			isa = PBXGroup;
			children = (
				18496A1F1BF1EF4700AA69DC /* quibai.app */,
				18496A381BF1EF4800AA69DC /* quibaiTests.xctest */,
				18496A431BF1EF4800AA69DC /* quibaiUITests.xctest */,
			);
			name = Products;
			sourceTree = "<group>";
		};
		18496A211BF1EF4700AA69DC /* quibai */ = {
			isa = PBXGroup;
			children = (
				18496A251BF1EF4700AA69DC /* AppDelegate.h */,
				18496A261BF1EF4700AA69DC /* AppDelegate.m */,
				18496A281BF1EF4700AA69DC /* ViewController.h */,
				18496A291BF1EF4700AA69DC /* ViewController.m */,
				18496A551BF2031900AA69DC /* joke.h */,
				18496A561BF2031900AA69DC /* joke.m */,
				18496A2B1BF1EF4800AA69DC /* Main.storyboard */,
				18496A2E1BF1EF4800AA69DC /* Assets.xcassets */,
				18496A581BF2044000AA69DC /* Hpple */,
				18496A301BF1EF4800AA69DC /* LaunchScreen.storyboard */,
				18496A331BF1EF4800AA69DC /* Info.plist */,
				18496A221BF1EF4700AA69DC /* Supporting Files */,
			);
			path = quibai;
			sourceTree = "<group>";
		};
		18496A221BF1EF4700AA69DC /* Supporting Files */ = {
			isa = PBXGroup;
			children = (
				18496A231BF1EF4700AA69DC /* main.m */,
			);
			name = "Supporting Files";
			sourceTree = "<group>";
		};
		18496A3B1BF1EF4800AA69DC /* quibaiTests */ = {
			isa = PBXGroup;
			children = (
				18496A3C1BF1EF4800AA69DC /* quibaiTests.m */,
				18496A3E1BF1EF4800AA69DC /* Info.plist */,
			);
			path = quibaiTests;
			sourceTree = "<group>";
		};
		18496A461BF1EF4800AA69DC /* quibaiUITests */ = {
			isa = PBXGroup;
			children = (
				18496A471BF1EF4800AA69DC /* quibaiUITests.m */,
				18496A491BF1EF4800AA69DC /* Info.plist */,
			);
			path = quibaiUITests;
			sourceTree = "<group>";
		};
		18496A581BF2044000AA69DC /* Hpple */ = {
			isa = PBXGroup;
			children = (
				18496A591BF2044000AA69DC /* TFHpple.h */,
				18496A5A1BF2044000AA69DC /* TFHpple.m */,
				18496A5B1BF2044000AA69DC /* TFHppleElement.h */,
				18496A5C1BF2044000AA69DC /* TFHppleElement.m */,
				18496A5D1BF2044000AA69DC /* XPathQuery.h */,
				18496A5E1BF2044000AA69DC /* XPathQuery.m */,
			);
			path = Hpple;
			sourceTree = "<group>";
		};
/* End PBXGroup section */

/* Begin PBXNativeTarget section */
		18496A1E1BF1EF4700AA69DC /* quibai */ = {
			isa = PBXNativeTarget;
			buildConfigurationList = 18496A4C1BF1EF4800AA69DC /* Build configuration list for PBXNativeTarget "quibai" */;
			buildPhases = (
				18496A1B1BF1EF4700AA69DC /* Sources */,
				18496A1C1BF1EF4700AA69DC /* Frameworks */,
				18496A1D1BF1EF4700AA69DC /* Resources */,
			);
			buildRules = (
			);
			dependencies = (
			);
			name = quibai;
			productName = quibai;
			productReference = 18496A1F1BF1EF4700AA69DC /* quibai.app */;
			productType = "com.apple.product-type.application";
		};
		18496A371BF1EF4800AA69DC /* quibaiTests */ = {
			isa = PBXNativeTarget;
			buildConfigurationList = 18496A4F1BF1EF4800AA69DC /* Build configuration list for PBXNativeTarget "quibaiTests" */;
			buildPhases = (
				18496A341BF1EF4800AA69DC /* Sources */,
				18496A351BF1EF4800AA69DC /* Frameworks */,
				18496A361BF1EF4800AA69DC /* Resources */,
			);
			buildRules = (
			);
			dependencies = (
				18496A3A1BF1EF4800AA69DC /* PBXTargetDependency */,
			);
			name = quibaiTests;
			productName = quibaiTests;
			productReference = 18496A381BF1EF4800AA69DC /* quibaiTests.xctest */;
			productType = "com.apple.product-type.bundle.unit-test";
		};
		18496A421BF1EF4800AA69DC /* quibaiUITests */ = {
			isa = PBXNativeTarget;
			buildConfigurationList = 18496A521BF1EF4800AA69DC /* Build configuration list for PBXNativeTarget "quibaiUITests" */;
			buildPhases = (
				18496A3F1BF1EF4800AA69DC /* Sources */,
				18496A401BF1EF4800AA69DC /* Frameworks */,
				18496A411BF1EF4800AA69DC /* Resources */,
			);
			buildRules = (
			);
			dependencies = (
				18496A451BF1EF4800AA69DC /* PBXTargetDependency */,
			);
			name = quibaiUITests;
			productName = quibaiUITests;
			productReference = 18496A431BF1EF4800AA69DC /* quibaiUITests.xctest */;
			productType = "com.apple.product-type.bundle.ui-testing";
		};
/* End PBXNativeTarget section */

/* Begin PBXProject section */
		18496A171BF1EF4700AA69DC /* Project object */ = {
			isa = PBXProject;
			attributes = {
				LastUpgradeCheck = 0700;
				ORGANIZATIONNAME = TabBarController;
				TargetAttributes = {
					18496A1E1BF1EF4700AA69DC = {
						CreatedOnToolsVersion = 7.0;
					};
					18496A371BF1EF4800AA69DC = {
						CreatedOnToolsVersion = 7.0;
						TestTargetID = 18496A1E1BF1EF4700AA69DC;
					};
					18496A421BF1EF4800AA69DC = {
						CreatedOnToolsVersion = 7.0;
						TestTargetID = 18496A1E1BF1EF4700AA69DC;
					};
				};
			};
			buildConfigurationList = 18496A1A1BF1EF4700AA69DC /* Build configuration list for PBXProject "quibai" */;
			compatibilityVersion = "Xcode 3.2";
			developmentRegion = English;
			hasScannedForEncodings = 0;
			knownRegions = (
				en,
				Base,
			);
			mainGroup = 18496A161BF1EF4700AA69DC;
			productRefGroup = 18496A201BF1EF4700AA69DC /* Products */;
			projectDirPath = "";
			projectRoot = "";
			targets = (
				18496A1E1BF1EF4700AA69DC /* quibai */,
				18496A371BF1EF4800AA69DC /* quibaiTests */,
				18496A421BF1EF4800AA69DC /* quibaiUITests */,
			);
		};
/* End PBXProject section */

/* Begin PBXResourcesBuildPhase section */
		18496A1D1BF1EF4700AA69DC /* Resources */ = {
			isa = PBXResourcesBuildPhase;
			buildActionMask = 2147483647;
			files = (
				18496A321BF1EF4800AA69DC /* LaunchScreen.storyboard in Resources */,
				18496A671BF2203B00AA69DC /* 1.jpg in Resources */,
				18496A2F1BF1EF4800AA69DC /* Assets.xcassets in Resources */,
				18496A2D1BF1EF4800AA69DC /* Main.storyboard in Resources */,
			);
			runOnlyForDeploymentPostprocessing = 0;
		};
		18496A361BF1EF4800AA69DC /* Resources */ = {
			isa = PBXResourcesBuildPhase;
			buildActionMask = 2147483647;
			files = (
			);
			runOnlyForDeploymentPostprocessing = 0;
		};
		18496A411BF1EF4800AA69DC /* Resources */ = {
			isa = PBXResourcesBuildPhase;
			buildActionMask = 2147483647;
			files = (
			);
			runOnlyForDeploymentPostprocessing = 0;
		};
/* End PBXResourcesBuildPhase section */

/* Begin PBXSourcesBuildPhase section */
		18496A1B1BF1EF4700AA69DC /* Sources */ = {
			isa = PBXSourcesBuildPhase;
			buildActionMask = 2147483647;
			files = (
				18496A601BF2044000AA69DC /* TFHppleElement.m in Sources */,
				18496A611BF2044000AA69DC /* XPathQuery.m in Sources */,
				18496A5F1BF2044000AA69DC /* TFHpple.m in Sources */,
				18496A2A1BF1EF4700AA69DC /* ViewController.m in Sources */,
				18496A271BF1EF4700AA69DC /* AppDelegate.m in Sources */,
				18496A571BF2031900AA69DC /* joke.m in Sources */,
				18496A241BF1EF4700AA69DC /* main.m in Sources */,
			);
			runOnlyForDeploymentPostprocessing = 0;
		};
		18496A341BF1EF4800AA69DC /* Sources */ = {
			isa = PBXSourcesBuildPhase;
			buildActionMask = 2147483647;
			files = (
				18496A3D1BF1EF4800AA69DC /* quibaiTests.m in Sources */,
			);
			runOnlyForDeploymentPostprocessing = 0;
		};
		18496A3F1BF1EF4800AA69DC /* Sources */ = {
			isa = PBXSourcesBuildPhase;
			buildActionMask = 2147483647;
			files = (
				18496A481BF1EF4800AA69DC /* quibaiUITests.m in Sources */,
			);
			runOnlyForDeploymentPostprocessing = 0;
		};
/* End PBXSourcesBuildPhase section */

/* Begin PBXTargetDependency section */
		18496A3A1BF1EF4800AA69DC /* PBXTargetDependency */ = {
			isa = PBXTargetDependency;
			target = 18496A1E1BF1EF4700AA69DC /* quibai */;
			targetProxy = 18496A391BF1EF4800AA69DC /* PBXContainerItemProxy */;
		};
		18496A451BF1EF4800AA69DC /* PBXTargetDependency */ = {
			isa = PBXTargetDependency;
			target = 18496A1E1BF1EF4700AA69DC /* quibai */;
			targetProxy = 18496A441BF1EF4800AA69DC /* PBXContainerItemProxy */;
		};
/* End PBXTargetDependency section */

/* Begin PBXVariantGroup section */
		18496A2B1BF1EF4800AA69DC /* Main.storyboard */ = {
			isa = PBXVariantGroup;
			children = (
				18496A2C1BF1EF4800AA69DC /* Base */,
			);
			name = Main.storyboard;
			sourceTree = "<group>";
		};
		18496A301BF1EF4800AA69DC /* LaunchScreen.storyboard */ = {
			isa = PBXVariantGroup;
			children = (
				18496A311BF1EF4800AA69DC /* Base */,
			);
			name = LaunchScreen.storyboard;
			sourceTree = "<group>";
		};
/* End PBXVariantGroup section */

/* Begin XCBuildConfiguration section */
		18496A4A1BF1EF4800AA69DC /* Debug */ = {
			isa = XCBuildConfiguration;
			buildSettings = {
				ALWAYS_SEARCH_USER_PATHS = NO;
				CLANG_CXX_LANGUAGE_STANDARD = "gnu++0x";
				CLANG_CXX_LIBRARY = "libc++";
				CLANG_ENABLE_MODULES = YES;
				CLANG_ENABLE_OBJC_ARC = YES;
				CLANG_WARN_BOOL_CONVERSION = YES;
				CLANG_WARN_CONSTANT_CONVERSION = YES;
				CLANG_WARN_DIRECT_OBJC_ISA_USAGE = YES_ERROR;
				CLANG_WARN_EMPTY_BODY = YES;
				CLANG_WARN_ENUM_CONVERSION = YES;
				CLANG_WARN_INT_CONVERSION = YES;
				CLANG_WARN_OBJC_ROOT_CLASS = YES_ERROR;
				CLANG_WARN_UNREACHABLE_CODE = YES;
				CLANG_WARN__DUPLICATE_METHOD_MATCH = YES;
				"CODE_SIGN_IDENTITY[sdk=iphoneos*]" = "iPhone Developer";
				COPY_PHASE_STRIP = NO;
				DEBUG_INFORMATION_FORMAT = dwarf;
				ENABLE_STRICT_OBJC_MSGSEND = YES;
				ENABLE_TESTABILITY = YES;
				GCC_C_LANGUAGE_STANDARD = gnu99;
				GCC_DYNAMIC_NO_PIC = NO;
				GCC_NO_COMMON_BLOCKS = YES;
				GCC_OPTIMIZATION_LEVEL = 0;
				GCC_PREPROCESSOR_DEFINITIONS = (
					"DEBUG=1",
					"$(inherited)",
				);
				GCC_WARN_64_TO_32_BIT_CONVERSION = YES;
				GCC_WARN_ABOUT_RETURN_TYPE = YES_ERROR;
				GCC_WARN_UNDECLARED_SELECTOR = YES;
				GCC_WARN_UNINITIALIZED_AUTOS = YES_AGGRESSIVE;
				GCC_WARN_UNUSED_FUNCTION = YES;
				GCC_WARN_UNUSED_VARIABLE = YES;
				IPHONEOS_DEPLOYMENT_TARGET = 9.0;
				MTL_ENABLE_DEBUG_INFO = YES;
				ONLY_ACTIVE_ARCH = YES;
				SDKROOT = iphoneos;
			};
			name = Debug;
		};
		18496A4B1BF1EF4800AA69DC /* Release */ = {
			isa = XCBuildConfiguration;
			buildSettings = {
				ALWAYS_SEARCH_USER_PATHS = NO;
				CLANG_CXX_LANGUAGE_STANDARD = "gnu++0x";
				CLANG_CXX_LIBRARY = "libc++";
				CLANG_ENABLE_MODULES = YES;
				CLANG_ENABLE_OBJC_ARC = YES;
				CLANG_WARN_BOOL_CONVERSION = YES;
				CLANG_WARN_CONSTANT_CONVERSION = YES;
				CLANG_WARN_DIRECT_OBJC_ISA_USAGE = YES_ERROR;
				CLANG_WARN_EMPTY_BODY = YES;
				CLANG_WARN_ENUM_CONVERSION = YES;
				CLANG_WARN_INT_CONVERSION = YES;
				CLANG_WARN_OBJC_ROOT_CLASS = YES_ERROR;
				CLANG_WARN_UNREACHABLE_CODE = YES;
				CLANG_WARN__DUPLICATE_METHOD_MATCH = YES;
				"CODE_SIGN_IDENTITY[sdk=iphoneos*]" = "iPhone Developer";
				COPY_PHASE_STRIP = NO;
				DEBUG_INFORMATION_FORMAT = "dwarf-with-dsym";
				ENABLE_NS_ASSERTIONS = NO;
				ENABLE_STRICT_OBJC_MSGSEND = YES;
				GCC_C_LANGUAGE_STANDARD = gnu99;
				GCC_NO_COMMON_BLOCKS = YES;
				GCC_WARN_64_TO_32_BIT_CONVERSION = YES;
				GCC_WARN_ABOUT_RETURN_TYPE = YES_ERROR;
				GCC_WARN_UNDECLARED_SELECTOR = YES;
				GCC_WARN_UNINITIALIZED_AUTOS = YES_AGGRESSIVE;
				GCC_WARN_UNUSED_FUNCTION = YES;
				GCC_WARN_UNUSED_VARIABLE = YES;
				IPHONEOS_DEPLOYMENT_TARGET = 9.0;
				MTL_ENABLE_DEBUG_INFO = NO;
				SDKROOT = iphoneos;
				VALIDATE_PRODUCT = YES;
			};
			name = Release;
		};
		18496A4D1BF1EF4800AA69DC /* Debug */ = {
			isa = XCBuildConfiguration;
			buildSettings = {
				ASSETCATALOG_COMPILER_APPICON_NAME = AppIcon;
				HEADER_SEARCH_PATHS = "$(SDKROOT)/usr/include/libxml2";
				INFOPLIST_FILE = quibai/Info.plist;
				LD_RUNPATH_SEARCH_PATHS = "$(inherited) @executable_path/Frameworks";
				PRODUCT_BUNDLE_IDENTIFIER = com..quibai;
				PRODUCT_NAME = "$(TARGET_NAME)";
			};
			name = Debug;
		};
		18496A4E1BF1EF4800AA69DC /* Release */ = {
			isa = XCBuildConfiguration;
			buildSettings = {
				ASSETCATALOG_COMPILER_APPICON_NAME = AppIcon;
				HEADER_SEARCH_PATHS = "$(SDKROOT)/usr/include/libxml2";
				INFOPLIST_FILE = quibai/Info.plist;
				LD_RUNPATH_SEARCH_PATHS = "$(inherited) @executable_path/Frameworks";
				PRODUCT_BUNDLE_IDENTIFIER = com..quibai;
				PRODUCT_NAME = "$(TARGET_NAME)";
			};
			name = Release;
		};
		18496A501BF1EF4800AA69DC /* Debug */ = {
			isa = XCBuildConfiguration;
			buildSettings = {
				BUNDLE_LOADER = "$(TEST_HOST)";
				INFOPLIST_FILE = quibaiTests/Info.plist;
				LD_RUNPATH_SEARCH_PATHS = "$(inherited) @executable_path/Frameworks @loader_path/Frameworks";
				PRODUCT_BUNDLE_IDENTIFIER = com..quibaiTests;
				PRODUCT_NAME = "$(TARGET_NAME)";
				TEST_HOST = "$(BUILT_PRODUCTS_DIR)/quibai.app/quibai";
			};
			name = Debug;
		};
		18496A511BF1EF4800AA69DC /* Release */ = {
			isa = XCBuildConfiguration;
			buildSettings = {
				BUNDLE_LOADER = "$(TEST_HOST)";
				INFOPLIST_FILE = quibaiTests/Info.plist;
				LD_RUNPATH_SEARCH_PATHS = "$(inherited) @executable_path/Frameworks @loader_path/Frameworks";
				PRODUCT_BUNDLE_IDENTIFIER = com..quibaiTests;
				PRODUCT_NAME = "$(TARGET_NAME)";
				TEST_HOST = "$(BUILT_PRODUCTS_DIR)/quibai.app/quibai";
			};
			name = Release;
		};
		18496A531BF1EF4800AA69DC /* Debug */ = {
			isa = XCBuildConfiguration;
			buildSettings = {
				INFOPLIST_FILE = quibaiUITests/Info.plist;
				LD_RUNPATH_SEARCH_PATHS = "$(inherited) @executable_path/Frameworks @loader_path/Frameworks";
				PRODUCT_BUNDLE_IDENTIFIER = com..quibaiUITests;
				PRODUCT_NAME = "$(TARGET_NAME)";
				TEST_TARGET_NAME = quibai;
				USES_XCTRUNNER = YES;
			};
			name = Debug;
		};
		18496A541BF1EF4800AA69DC /* Release */ = {
			isa = XCBuildConfiguration;
			buildSettings = {
				INFOPLIST_FILE = quibaiUITests/Info.plist;
				LD_RUNPATH_SEARCH_PATHS = "$(inherited) @executable_path/Frameworks @loader_path/Frameworks";
				PRODUCT_BUNDLE_IDENTIFIER = com..quibaiUITests;
				PRODUCT_NAME = "$(TARGET_NAME)";
				TEST_TARGET_NAME = quibai;
				USES_XCTRUNNER = YES;
			};
			name = Release;
		};
/* End XCBuildConfiguration section */

/* Begin XCConfigurationList section */
		18496A1A1BF1EF4700AA69DC /* Build configuration list for PBXProject "quibai" */ = {
			isa = XCConfigurationList;
			buildConfigurations = (
				18496A4A1BF1EF4800AA69DC /* Debug */,
				18496A4B1BF1EF4800AA69DC /* Release */,
			);
			defaultConfigurationIsVisible = 0;
			defaultConfigurationName = Release;
		};
		18496A4C1BF1EF4800AA69DC /* Build configuration list for PBXNativeTarget "quibai" */ = {
			isa = XCConfigurationList;
			buildConfigurations = (
				18496A4D1BF1EF4800AA69DC /* Debug */,
				18496A4E1BF1EF4800AA69DC /* Release */,
			);
			defaultConfigurationIsVisible = 0;
			defaultConfigurationName = Release;
		};
		18496A4F1BF1EF4800AA69DC /* Build configuration list for PBXNativeTarget "quibaiTests" */ = {
			isa = XCConfigurationList;
			buildConfigurations = (
				18496A501BF1EF4800AA69DC /* Debug */,
				18496A511BF1EF4800AA69DC /* Release */,
			);
			defaultConfigurationIsVisible = 0;
			defaultConfigurationName = Release;
		};
		18496A521BF1EF4800AA69DC /* Build configuration list for PBXNativeTarget "quibaiUITests" */ = {
			isa = XCConfigurationList;
			buildConfigurations = (
				18496A531BF1EF4800AA69DC /* Debug */,
				18496A541BF1EF4800AA69DC /* Release */,
			);
			defaultConfigurationIsVisible = 0;
			defaultConfigurationName = Release;
		};
/* End XCConfigurationList section */
	};
	rootObject = 18496A171BF1EF4700AA69DC /* Project object */;
}
